// !$*UTF8*$!
{
	archiveVersion = 1;
	classes = {
	};
	objectVersion = 77;
	objects = {

/* Begin PBXBuildFile section */
		AA0000000000000000000101 /* RingPromoterWidgetExtension.appex in Embed Foundation Extensions */ = {isa = PBXBuildFile; fileRef = AA0000000000000000000012 /* RingPromoterWidgetExtension.appex */; settings = {ATTRIBUTES = (RemoveHeadersOnCopy, ); }; };
/* End PBXBuildFile section */

/* Begin PBXCopyFilesBuildPhase section */
		AA0000000000000000000201 /* Embed Foundation Extensions */ = {
			isa = PBXCopyFilesBuildPhase;
			buildActionMask = 2147483647;
			dstPath = "";
			dstSubfolderSpec = 13;
			files = (
				AA0000000000000000000101 /* RingPromoterWidgetExtension.appex in Embed Foundation Extensions */,
			);
			name = "Embed Foundation Extensions";
			runOnlyForDeploymentPostprocessing = 0;
		};
/* End PBXCopyFilesBuildPhase section */

/* Begin PBXFileReference section */
		AA0000000000000000000010 /* RingPromoter.app */ = {isa = PBXFileReference; explicitFileType = wrapper.application; includeInIndex = 0; path = RingPromoter.app; sourceTree = BUILT_PRODUCTS_DIR; };
		AA0000000000000000000011 /* RingPromoterTests.xctest */ = {isa = PBXFileReference; explicitFileType = wrapper.cfbundle; includeInIndex = 0; path = RingPromoterTests.xctest; sourceTree = BUILT_PRODUCTS_DIR; };
		AA0000000000000000000012 /* RingPromoterWidgetExtension.appex */ = {isa = PBXFileReference; explicitFileType = "wrapper.app-extension"; includeInIndex = 0; path = RingPromoterWidgetExtension.appex; sourceTree = BUILT_PRODUCTS_DIR; };
		AA0000000000000000000013 /* RingPromoterUITests.xctest */ = {isa = PBXFileReference; explicitFileType = wrapper.cfbundle; includeInIndex = 0; path = RingPromoterUITests.xctest; sourceTree = BUILT_PRODUCTS_DIR; };
		AA0000000000000000000020 /* RingPromoter-Info.plist */ = {isa = PBXFileReference; lastKnownFileType = text.plist.xml; path = "RingPromoter-Info.plist"; sourceTree = "<group>"; };
		AA0000000000000000000021 /* RingPromoter.entitlements */ = {isa = PBXFileReference; lastKnownFileType = text.plist.entitlements; path = RingPromoter.entitlements; sourceTree = "<group>"; };
		AA0000000000000000000022 /* Widget-Info.plist */ = {isa = PBXFileReference; lastKnownFileType = text.plist.xml; path = "Widget-Info.plist"; sourceTree = "<group>"; };
		AA0000000000000000000023 /* Widget.entitlements */ = {isa = PBXFileReference; lastKnownFileType = text.plist.entitlements; path = Widget.entitlements; sourceTree = "<group>"; };
		AA0000000000000000000024 /* README.md */ = {isa = PBXFileReference; lastKnownFileType = net.daringfireball.markdown; path = README.md; sourceTree = "<group>"; };
/* End PBXFileReference section */

/* Begin PBXFileSystemSynchronizedRootGroup section */
		AA0000000000000000000030 /* RingPromoter */ = {isa = PBXFileSystemSynchronizedRootGroup; explicitFileTypes = {}; explicitFolders = (); path = RingPromoter; sourceTree = "<group>"; };
		AA0000000000000000000031 /* SharedWidget */ = {isa = PBXFileSystemSynchronizedRootGroup; explicitFileTypes = {}; explicitFolders = (); path = SharedWidget; sourceTree = "<group>"; };
		AA0000000000000000000032 /* RingPromoterWidget */ = {isa = PBXFileSystemSynchronizedRootGroup; explicitFileTypes = {}; explicitFolders = (); path = RingPromoterWidget; sourceTree = "<group>"; };
		AA0000000000000000000033 /* RingPromoterTests */ = {isa = PBXFileSystemSynchronizedRootGroup; explicitFileTypes = {}; explicitFolders = (); path = RingPromoterTests; sourceTree = "<group>"; };
		AA0000000000000000000034 /* RingPromoterUITests */ = {isa = PBXFileSystemSynchronizedRootGroup; explicitFileTypes = {}; explicitFolders = (); path = RingPromoterUITests; sourceTree = "<group>"; };
		AA0000000000000000000035 /* SharedWidgetForWidget */ = {isa = PBXFileSystemSynchronizedRootGroup; explicitFileTypes = {}; explicitFolders = (); name = SharedWidget; path = SharedWidget; sourceTree = "<group>"; };
/* End PBXFileSystemSynchronizedRootGroup section */

/* Begin PBXFrameworksBuildPhase section */
		AA0000000000000000000301 /* Frameworks */ = {
			isa = PBXFrameworksBuildPhase;
			buildActionMask = 2147483647;
			files = (
			);
			runOnlyForDeploymentPostprocessing = 0;
		};
		AA0000000000000000000302 /* Frameworks */ = {
			isa = PBXFrameworksBuildPhase;
			buildActionMask = 2147483647;
			files = (
			);
			runOnlyForDeploymentPostprocessing = 0;
		};
		AA0000000000000000000303 /* Frameworks */ = {
			isa = PBXFrameworksBuildPhase;
			buildActionMask = 2147483647;
			files = (
			);
			runOnlyForDeploymentPostprocessing = 0;
		};
		AA0000000000000000000304 /* Frameworks */ = {
			isa = PBXFrameworksBuildPhase;
			buildActionMask = 2147483647;
			files = (
			);
			runOnlyForDeploymentPostprocessing = 0;
		};
/* End PBXFrameworksBuildPhase section */

/* Begin PBXGroup section */
		AA0000000000000000000040 = {
			isa = PBXGroup;
			children = (
				AA0000000000000000000024 /* README.md */,
				AA0000000000000000000041 /* Config */,
				AA0000000000000000000030 /* RingPromoter */,
				AA0000000000000000000031 /* SharedWidget */,
				AA0000000000000000000032 /* RingPromoterWidget */,
				AA0000000000000000000033 /* RingPromoterTests */,
				AA0000000000000000000034 /* RingPromoterUITests */,
				AA0000000000000000000042 /* Products */,
			);
			sourceTree = "<group>";
		};
		AA0000000000000000000041 /* Config */ = {
			isa = PBXGroup;
			children = (
				AA0000000000000000000020 /* RingPromoter-Info.plist */,
				AA0000000000000000000021 /* RingPromoter.entitlements */,
				AA0000000000000000000022 /* Widget-Info.plist */,
				AA0000000000000000000023 /* Widget.entitlements */,
			);
			path = Config;
			sourceTree = "<group>";
		};
		AA0000000000000000000042 /* Products */ = {
			isa = PBXGroup;
			children = (
				AA0000000000000000000010 /* RingPromoter.app */,
				AA0000000000000000000011 /* RingPromoterTests.xctest */,
				AA0000000000000000000013 /* RingPromoterUITests.xctest */,
				AA0000000000000000000012 /* RingPromoterWidgetExtension.appex */,
			);
			name = Products;
			sourceTree = "<group>";
		};
/* End PBXGroup section */

/* Begin PBXNativeTarget section */
		AA0000000000000000000050 /* RingPromoter */ = {
			isa = PBXNativeTarget;
			buildConfigurationList = AA0000000000000000000060 /* Build configuration list for PBXNativeTarget "RingPromoter" */;
			buildPhases = (
				AA0000000000000000000401 /* Sources */,
				AA0000000000000000000301 /* Frameworks */,
				AA0000000000000000000501 /* Resources */,
				AA0000000000000000000201 /* Embed Foundation Extensions */,
			);
			buildRules = (
			);
			dependencies = (
				AA0000000000000000000071 /* PBXTargetDependency */,
			);
			fileSystemSynchronizedGroups = (
				AA0000000000000000000030 /* RingPromoter */,
				AA0000000000000000000031 /* SharedWidget */,
			);
			name = RingPromoter;
			productName = RingPromoter;
			productReference = AA0000000000000000000010 /* RingPromoter.app */;
			productType = "com.apple.product-type.application";
		};
		AA0000000000000000000051 /* RingPromoterTests */ = {
			isa = PBXNativeTarget;
			buildConfigurationList = AA0000000000000000000061 /* Build configuration list for PBXNativeTarget "RingPromoterTests" */;
			buildPhases = (
				AA0000000000000000000402 /* Sources */,
				AA0000000000000000000302 /* Frameworks */,
				AA0000000000000000000502 /* Resources */,
			);
			buildRules = (
			);
			dependencies = (
				AA0000000000000000000070 /* PBXTargetDependency */,
			);
			fileSystemSynchronizedGroups = (
				AA0000000000000000000033 /* RingPromoterTests */,
			);
			name = RingPromoterTests;
			productName = RingPromoterTests;
			productReference = AA0000000000000000000011 /* RingPromoterTests.xctest */;
			productType = "com.apple.product-type.bundle.unit-test";
		};
		AA0000000000000000000052 /* RingPromoterWidgetExtension */ = {
			isa = PBXNativeTarget;
			buildConfigurationList = AA0000000000000000000062 /* Build configuration list for PBXNativeTarget "RingPromoterWidgetExtension" */;
			buildPhases = (
				AA0000000000000000000403 /* Sources */,
				AA0000000000000000000303 /* Frameworks */,
				AA0000000000000000000503 /* Resources */,
			);
			buildRules = (
			);
			dependencies = (
			);
			fileSystemSynchronizedGroups = (
				AA0000000000000000000032 /* RingPromoterWidget */,
				AA0000000000000000000035 /* SharedWidgetForWidget */,
			);
			name = RingPromoterWidgetExtension;
			productName = RingPromoterWidgetExtension;
			productReference = AA0000000000000000000012 /* RingPromoterWidgetExtension.appex */;
			productType = "com.apple.product-type.app-extension";
		};
		AA0000000000000000000053 /* RingPromoterUITests */ = {
			isa = PBXNativeTarget;
			buildConfigurationList = AA0000000000000000000063 /* Build configuration list for PBXNativeTarget "RingPromoterUITests" */;
			buildPhases = (
				AA0000000000000000000404 /* Sources */,
				AA0000000000000000000304 /* Frameworks */,
				AA0000000000000000000504 /* Resources */,
			);
			buildRules = (
			);
			dependencies = (
				AA0000000000000000000072 /* PBXTargetDependency */,
			);
			fileSystemSynchronizedGroups = (
				AA0000000000000000000034 /* RingPromoterUITests */,
			);
			name = RingPromoterUITests;
			productName = RingPromoterUITests;
			productReference = AA0000000000000000000013 /* RingPromoterUITests.xctest */;
			productType = "com.apple.product-type.bundle.ui-testing";
		};
/* End PBXNativeTarget section */

/* Begin PBXProject section */
		AA0000000000000000000080 /* Project object */ = {
			isa = PBXProject;
			attributes = {
				BuildIndependentTargetsInParallel = 1;
				LastSwiftUpdateCheck = 2630;
				LastUpgradeCheck = 2630;
				TargetAttributes = {
					AA0000000000000000000050 = {
						CreatedOnToolsVersion = 26.3;
					};
					AA0000000000000000000051 = {
						CreatedOnToolsVersion = 26.3;
						TestTargetID = AA0000000000000000000050;
					};
					AA0000000000000000000052 = {
						CreatedOnToolsVersion = 26.3;
					};
					AA0000000000000000000053 = {
						CreatedOnToolsVersion = 26.3;
						TestTargetID = AA0000000000000000000050;
					};
				};
			};
			buildConfigurationList = AA0000000000000000000064 /* Build configuration list for PBXProject "RingPromoter" */;
			developmentRegion = en;
			hasScannedForEncodings = 0;
			knownRegions = (
				en,
				Base,
			);
			mainGroup = AA0000000000000000000040;
			minimizedProjectReferenceProxies = 1;
			preferredProjectObjectVersion = 77;
			productRefGroup = AA0000000000000000000042 /* Products */;
			projectDirPath = "";
			projectRoot = "";
			targets = (
				AA0000000000000000000050 /* RingPromoter */,
				AA0000000000000000000052 /* RingPromoterWidgetExtension */,
				AA0000000000000000000051 /* RingPromoterTests */,
				AA0000000000000000000053 /* RingPromoterUITests */,
			);
		};
/* End PBXProject section */

/* Begin PBXResourcesBuildPhase section */
		AA0000000000000000000501 /* Resources */ = {
			isa = PBXResourcesBuildPhase;
			buildActionMask = 2147483647;
			files = (
			);
			runOnlyForDeploymentPostprocessing = 0;
		};
		AA0000000000000000000502 /* Resources */ = {
			isa = PBXResourcesBuildPhase;
			buildActionMask = 2147483647;
			files = (
			);
			runOnlyForDeploymentPostprocessing = 0;
		};
		AA0000000000000000000503 /* Resources */ = {
			isa = PBXResourcesBuildPhase;
			buildActionMask = 2147483647;
			files = (
			);
			runOnlyForDeploymentPostprocessing = 0;
		};
		AA0000000000000000000504 /* Resources */ = {
			isa = PBXResourcesBuildPhase;
			buildActionMask = 2147483647;
			files = (
			);
			runOnlyForDeploymentPostprocessing = 0;
		};
/* End PBXResourcesBuildPhase section */

/* Begin PBXSourcesBuildPhase section */
		AA0000000000000000000401 /* Sources */ = {
			isa = PBXSourcesBuildPhase;
			buildActionMask = 2147483647;
			files = (
			);
			runOnlyForDeploymentPostprocessing = 0;
		};
		AA0000000000000000000402 /* Sources */ = {
			isa = PBXSourcesBuildPhase;
			buildActionMask = 2147483647;
			files = (
			);
			runOnlyForDeploymentPostprocessing = 0;
		};
		AA0000000000000000000403 /* Sources */ = {
			isa = PBXSourcesBuildPhase;
			buildActionMask = 2147483647;
			files = (
			);
			runOnlyForDeploymentPostprocessing = 0;
		};
		AA0000000000000000000404 /* Sources */ = {
			isa = PBXSourcesBuildPhase;
			buildActionMask = 2147483647;
			files = (
			);
			runOnlyForDeploymentPostprocessing = 0;
		};
/* End PBXSourcesBuildPhase section */

/* Begin PBXTargetDependency section */
		AA0000000000000000000070 /* PBXTargetDependency */ = {
			isa = PBXTargetDependency;
			target = AA0000000000000000000050 /* RingPromoter */;
			targetProxy = AA0000000000000000000090 /* PBXContainerItemProxy */;
		};
		AA0000000000000000000071 /* PBXTargetDependency */ = {
			isa = PBXTargetDependency;
			target = AA0000000000000000000052 /* RingPromoterWidgetExtension */;
			targetProxy = AA0000000000000000000091 /* PBXContainerItemProxy */;
		};
		AA0000000000000000000072 /* PBXTargetDependency */ = {
			isa = PBXTargetDependency;
			target = AA0000000000000000000050 /* RingPromoter */;
			targetProxy = AA0000000000000000000092 /* PBXContainerItemProxy */;
		};
/* End PBXTargetDependency section */

/* Begin PBXContainerItemProxy section */
		AA0000000000000000000090 /* PBXContainerItemProxy */ = {
			isa = PBXContainerItemProxy;
			containerPortal = AA0000000000000000000080 /* Project object */;
			proxyType = 1;
			remoteGlobalIDString = AA0000000000000000000050;
			remoteInfo = RingPromoter;
		};
		AA0000000000000000000091 /* PBXContainerItemProxy */ = {
			isa = PBXContainerItemProxy;
			containerPortal = AA0000000000000000000080 /* Project object */;
			proxyType = 1;
			remoteGlobalIDString = AA0000000000000000000052;
			remoteInfo = RingPromoterWidgetExtension;
		};
		AA0000000000000000000092 /* PBXContainerItemProxy */ = {
			isa = PBXContainerItemProxy;
			containerPortal = AA0000000000000000000080 /* Project object */;
			proxyType = 1;
			remoteGlobalIDString = AA0000000000000000000050;
			remoteInfo = RingPromoter;
		};
/* End PBXContainerItemProxy section */

/* Begin XCBuildConfiguration section */
		AA0000000000000000000600 /* Debug */ = {
			isa = XCBuildConfiguration;
			buildSettings = {
				ALWAYS_SEARCH_USER_PATHS = NO;
				ASSETCATALOG_COMPILER_GENERATE_SWIFT_ASSET_SYMBOL_EXTENSIONS = YES;
				CLANG_ANALYZER_NONNULL = YES;
				CLANG_ANALYZER_NUMBER_OBJECT_CONVERSION = YES_AGGRESSIVE;
				CLANG_ENABLE_MODULES = YES;
				CLANG_ENABLE_OBJC_ARC = YES;
				CLANG_WARN_BOOL_CONVERSION = YES;
				CLANG_WARN_DOCUMENTATION_COMMENTS = YES;
				CLANG_WARN_EMPTY_BODY = YES;
				CLANG_WARN_UNREACHABLE_CODE = YES;
				COPY_PHASE_STRIP = NO;
				DEBUG_INFORMATION_FORMAT = dwarf;
				ENABLE_STRICT_OBJC_MSGSEND = YES;
				ENABLE_TESTABILITY = YES;
				ENABLE_USER_SCRIPT_SANDBOXING = YES;
				GCC_C_LANGUAGE_STANDARD = gnu17;
				GCC_DYNAMIC_NO_PIC = NO;
				GCC_NO_COMMON_BLOCKS = YES;
				GCC_OPTIMIZATION_LEVEL = 0;
				GCC_PREPROCESSOR_DEFINITIONS = (
					"DEBUG=1",
					"$(inherited)",
				);
				GCC_WARN_UNDECLARED_SELECTOR = YES;
				GCC_WARN_UNINITIALIZED_AUTOS = YES_AGGRESSIVE;
				GCC_WARN_UNUSED_FUNCTION = YES;
				GCC_WARN_UNUSED_VARIABLE = YES;
				IPHONEOS_DEPLOYMENT_TARGET = 17.0;
				MTL_ENABLE_DEBUG_INFO = INCLUDE_SOURCE;
				MTL_FAST_MATH = YES;
				ONLY_ACTIVE_ARCH = YES;
				SDKROOT = iphoneos;
				SWIFT_ACTIVE_COMPILATION_CONDITIONS = "DEBUG $(inherited)";
				SWIFT_OPTIMIZATION_LEVEL = "-Onone";
				SWIFT_STRICT_CONCURRENCY = complete;
				SWIFT_UPCOMING_FEATURE_CONCISE_MAGIC_FILE = YES;
				SWIFT_VERSION = 6.0;
			};
			name = Debug;
		};
		AA0000000000000000000601 /* Release */ = {
			isa = XCBuildConfiguration;
			buildSettings = {
				ALWAYS_SEARCH_USER_PATHS = NO;
				ASSETCATALOG_COMPILER_GENERATE_SWIFT_ASSET_SYMBOL_EXTENSIONS = YES;
				CLANG_ANALYZER_NONNULL = YES;
				CLANG_ANALYZER_NUMBER_OBJECT_CONVERSION = YES_AGGRESSIVE;
				CLANG_ENABLE_MODULES = YES;
				CLANG_ENABLE_OBJC_ARC = YES;
				CLANG_WARN_BOOL_CONVERSION = YES;
				CLANG_WARN_DOCUMENTATION_COMMENTS = YES;
				CLANG_WARN_EMPTY_BODY = YES;
				CLANG_WARN_UNREACHABLE_CODE = YES;
				COPY_PHASE_STRIP = NO;
				DEBUG_INFORMATION_FORMAT = "dwarf-with-dsym";
				ENABLE_NS_ASSERTIONS = NO;
				ENABLE_STRICT_OBJC_MSGSEND = YES;
				ENABLE_USER_SCRIPT_SANDBOXING = YES;
				GCC_C_LANGUAGE_STANDARD = gnu17;
				GCC_NO_COMMON_BLOCKS = YES;
				GCC_WARN_UNDECLARED_SELECTOR = YES;
				GCC_WARN_UNINITIALIZED_AUTOS = YES_AGGRESSIVE;
				GCC_WARN_UNUSED_FUNCTION = YES;
				GCC_WARN_UNUSED_VARIABLE = YES;
				IPHONEOS_DEPLOYMENT_TARGET = 17.0;
				MTL_ENABLE_DEBUG_INFO = NO;
				MTL_FAST_MATH = YES;
				SDKROOT = iphoneos;
				SWIFT_COMPILATION_MODE = wholemodule;
				SWIFT_STRICT_CONCURRENCY = complete;
				SWIFT_UPCOMING_FEATURE_CONCISE_MAGIC_FILE = YES;
				SWIFT_VERSION = 6.0;
				VALIDATE_PRODUCT = YES;
			};
			name = Release;
		};
		AA0000000000000000000610 /* Debug */ = {
			isa = XCBuildConfiguration;
			buildSettings = {
				ASSETCATALOG_COMPILER_APPICON_NAME = AppIcon;
				ASSETCATALOG_COMPILER_GLOBAL_ACCENT_COLOR_NAME = AccentColor;
				CODE_SIGN_ENTITLEMENTS = Config/RingPromoter.entitlements;
				CODE_SIGN_STYLE = Automatic;
				CURRENT_PROJECT_VERSION = 1;
				DEVELOPMENT_ASSET_PATHS = "";
				ENABLE_PREVIEWS = YES;
				GENERATE_INFOPLIST_FILE = NO;
				INFOPLIST_FILE = "Config/RingPromoter-Info.plist";
				LD_RUNPATH_SEARCH_PATHS = (
					"$(inherited)",
					"@executable_path/Frameworks",
				);
				MARKETING_VERSION = 1.3;
				PRODUCT_BUNDLE_IDENTIFIER = org.fictionally.ringpromoter;
				PRODUCT_NAME = "$(TARGET_NAME)";
				SUPPORTED_PLATFORMS = "iphoneos iphonesimulator";
				SUPPORTS_MACCATALYST = NO;
				SWIFT_EMIT_LOC_STRINGS = YES;
				TARGETED_DEVICE_FAMILY = "1,2";
			};
			name = Debug;
		};
		AA0000000000000000000611 /* Release */ = {
			isa = XCBuildConfiguration;
			buildSettings = {
				ASSETCATALOG_COMPILER_APPICON_NAME = AppIcon;
				ASSETCATALOG_COMPILER_GLOBAL_ACCENT_COLOR_NAME = AccentColor;
				CODE_SIGN_ENTITLEMENTS = Config/RingPromoter.entitlements;
				CODE_SIGN_STYLE = Automatic;
				CURRENT_PROJECT_VERSION = 1;
				DEVELOPMENT_ASSET_PATHS = "";
				ENABLE_PREVIEWS = YES;
				GENERATE_INFOPLIST_FILE = NO;
				INFOPLIST_FILE = "Config/RingPromoter-Info.plist";
				LD_RUNPATH_SEARCH_PATHS = (
					"$(inherited)",
					"@executable_path/Frameworks",
				);
				MARKETING_VERSION = 1.3;
				PRODUCT_BUNDLE_IDENTIFIER = org.fictionally.ringpromoter;
				PRODUCT_NAME = "$(TARGET_NAME)";
				SUPPORTED_PLATFORMS = "iphoneos iphonesimulator";
				SUPPORTS_MACCATALYST = NO;
				SWIFT_EMIT_LOC_STRINGS = YES;
				TARGETED_DEVICE_FAMILY = "1,2";
			};
			name = Release;
		};
		AA0000000000000000000620 /* Debug */ = {
			isa = XCBuildConfiguration;
			buildSettings = {
				BUNDLE_LOADER = "$(TEST_HOST)";
				CODE_SIGN_STYLE = Automatic;
				CURRENT_PROJECT_VERSION = 1;
				GENERATE_INFOPLIST_FILE = YES;
				MARKETING_VERSION = 1.3;
				PRODUCT_BUNDLE_IDENTIFIER = org.fictionally.ringpromoter.tests;
				PRODUCT_NAME = "$(TARGET_NAME)";
				SWIFT_EMIT_LOC_STRINGS = NO;
				TARGETED_DEVICE_FAMILY = "1,2";
				TEST_HOST = "$(BUILT_PRODUCTS_DIR)/RingPromoter.app/$(BUNDLE_EXECUTABLE_FOLDER_PATH)/RingPromoter";
			};
			name = Debug;
		};
		AA0000000000000000000621 /* Release */ = {
			isa = XCBuildConfiguration;
			buildSettings = {
				BUNDLE_LOADER = "$(TEST_HOST)";
				CODE_SIGN_STYLE = Automatic;
				CURRENT_PROJECT_VERSION = 1;
				GENERATE_INFOPLIST_FILE = YES;
				MARKETING_VERSION = 1.3;
				PRODUCT_BUNDLE_IDENTIFIER = org.fictionally.ringpromoter.tests;
				PRODUCT_NAME = "$(TARGET_NAME)";
				SWIFT_EMIT_LOC_STRINGS = NO;
				TARGETED_DEVICE_FAMILY = "1,2";
				TEST_HOST = "$(BUILT_PRODUCTS_DIR)/RingPromoter.app/$(BUNDLE_EXECUTABLE_FOLDER_PATH)/RingPromoter";
			};
			name = Release;
		};
		AA0000000000000000000630 /* Debug */ = {
			isa = XCBuildConfiguration;
			buildSettings = {
				ASSETCATALOG_COMPILER_GLOBAL_ACCENT_COLOR_NAME = AccentColor;
				CODE_SIGN_ENTITLEMENTS = Config/Widget.entitlements;
				CODE_SIGN_STYLE = Automatic;
				CURRENT_PROJECT_VERSION = 1;
				ENABLE_PREVIEWS = YES;
				GENERATE_INFOPLIST_FILE = NO;
				INFOPLIST_FILE = "Config/Widget-Info.plist";
				LD_RUNPATH_SEARCH_PATHS = (
					"$(inherited)",
					"@executable_path/Frameworks",
					"@executable_path/../../Frameworks",
				);
				MARKETING_VERSION = 1.3;
				PRODUCT_BUNDLE_IDENTIFIER = org.fictionally.ringpromoter.widget;
				PRODUCT_NAME = "$(TARGET_NAME)";
				SKIP_INSTALL = YES;
				SUPPORTED_PLATFORMS = "iphoneos iphonesimulator";
				SWIFT_EMIT_LOC_STRINGS = YES;
				TARGETED_DEVICE_FAMILY = "1,2";
			};
			name = Debug;
		};
		AA0000000000000000000631 /* Release */ = {
			isa = XCBuildConfiguration;
			buildSettings = {
				ASSETCATALOG_COMPILER_GLOBAL_ACCENT_COLOR_NAME = AccentColor;
				CODE_SIGN_ENTITLEMENTS = Config/Widget.entitlements;
				CODE_SIGN_STYLE = Automatic;
				CURRENT_PROJECT_VERSION = 1;
				ENABLE_PREVIEWS = YES;
				GENERATE_INFOPLIST_FILE = NO;
				INFOPLIST_FILE = "Config/Widget-Info.plist";
				LD_RUNPATH_SEARCH_PATHS = (
					"$(inherited)",
					"@executable_path/Frameworks",
					"@executable_path/../../Frameworks",
				);
				MARKETING_VERSION = 1.3;
				PRODUCT_BUNDLE_IDENTIFIER = org.fictionally.ringpromoter.widget;
				PRODUCT_NAME = "$(TARGET_NAME)";
				SKIP_INSTALL = YES;
				SUPPORTED_PLATFORMS = "iphoneos iphonesimulator";
				SWIFT_EMIT_LOC_STRINGS = YES;
				TARGETED_DEVICE_FAMILY = "1,2";
			};
			name = Release;
		};
		AA0000000000000000000640 /* Debug */ = {
			isa = XCBuildConfiguration;
			buildSettings = {
				CODE_SIGN_STYLE = Automatic;
				CURRENT_PROJECT_VERSION = 1;
				GENERATE_INFOPLIST_FILE = YES;
				MARKETING_VERSION = 1.3;
				PRODUCT_BUNDLE_IDENTIFIER = org.fictionally.ringpromoter.uitests;
				PRODUCT_NAME = "$(TARGET_NAME)";
				SWIFT_EMIT_LOC_STRINGS = NO;
				TARGETED_DEVICE_FAMILY = "1,2";
				TEST_TARGET_NAME = RingPromoter;
			};
			name = Debug;
		};
		AA0000000000000000000641 /* Release */ = {
			isa = XCBuildConfiguration;
			buildSettings = {
				CODE_SIGN_STYLE = Automatic;
				CURRENT_PROJECT_VERSION = 1;
				GENERATE_INFOPLIST_FILE = YES;
				MARKETING_VERSION = 1.3;
				PRODUCT_BUNDLE_IDENTIFIER = org.fictionally.ringpromoter.uitests;
				PRODUCT_NAME = "$(TARGET_NAME)";
				SWIFT_EMIT_LOC_STRINGS = NO;
				TARGETED_DEVICE_FAMILY = "1,2";
				TEST_TARGET_NAME = RingPromoter;
			};
			name = Release;
		};
/* End XCBuildConfiguration section */

/* Begin XCConfigurationList section */
		AA0000000000000000000064 /* Build configuration list for PBXProject "RingPromoter" */ = {
			isa = XCConfigurationList;
			buildConfigurations = (
				AA0000000000000000000600 /* Debug */,
				AA0000000000000000000601 /* Release */,
			);
			defaultConfigurationIsVisible = 0;
			defaultConfigurationName = Release;
		};
		AA0000000000000000000060 /* Build configuration list for PBXNativeTarget "RingPromoter" */ = {
			isa = XCConfigurationList;
			buildConfigurations = (
				AA0000000000000000000610 /* Debug */,
				AA0000000000000000000611 /* Release */,
			);
			defaultConfigurationIsVisible = 0;
			defaultConfigurationName = Release;
		};
		AA0000000000000000000061 /* Build configuration list for PBXNativeTarget "RingPromoterTests" */ = {
			isa = XCConfigurationList;
			buildConfigurations = (
				AA0000000000000000000620 /* Debug */,
				AA0000000000000000000621 /* Release */,
			);
			defaultConfigurationIsVisible = 0;
			defaultConfigurationName = Release;
		};
		AA0000000000000000000062 /* Build configuration list for PBXNativeTarget "RingPromoterWidgetExtension" */ = {
			isa = XCConfigurationList;
			buildConfigurations = (
				AA0000000000000000000630 /* Debug */,
				AA0000000000000000000631 /* Release */,
			);
			defaultConfigurationIsVisible = 0;
			defaultConfigurationName = Release;
		};
		AA0000000000000000000063 /* Build configuration list for PBXNativeTarget "RingPromoterUITests" */ = {
			isa = XCConfigurationList;
			buildConfigurations = (
				AA0000000000000000000640 /* Debug */,
				AA0000000000000000000641 /* Release */,
			);
			defaultConfigurationIsVisible = 0;
			defaultConfigurationName = Release;
		};
/* End XCConfigurationList section */
	};
	rootObject = AA0000000000000000000080 /* Project object */;
}
